
Microsoft Visual Studio Solution File, Format Version 12.00
# Visual Studio 2013
VisualStudioVersion = 12.0.21005.1
MinimumVisualStudioVersion = 10.0.40219.1
Project("{FAE04EC0-301F-11D3-BF4B-00C04F79EFBC}") = "AncoraMVVM.Base", "AncoraMVVM.Base\AncoraMVVM.Base.csproj", "{56998798-C602-4805-8900-D180ABC5AABE}"
EndProject
Project("{FAE04EC0-301F-11D3-BF4B-00C04F79EFBC}") = "AncoraMVVM.Base.Tests", "AncoraMVVM.Base.Tests\AncoraMVVM.Base.Tests.csproj", "{9EB50B69-AEF9-4030-8522-2A18E319C84B}"
EndProject
Project("{FAE04EC0-301F-11D3-BF4B-00C04F79EFBC}") = "AncoraMVVM.Phone7", "AncoraMVVM.Phone7\AncoraMVVM.Phone7.csproj", "{89B38CC5-A3BB-4C11-A21F-AEED6648736A}"
EndProject
Project("{FAE04EC0-301F-11D3-BF4B-00C04F79EFBC}") = "AncoraMVVM.Rest", "AncoraMVVM.Rest\AncoraMVVM.Rest.csproj", "{3DE0D56D-A0EE-4D60-8CE7-10F4A4922C64}"
EndProject
Global
	GlobalSection(SolutionConfigurationPlatforms) = preSolution
		Debug|Any CPU = Debug|Any CPU
		Debug|ARM = Debug|ARM
		Debug|x86 = Debug|x86
		Release|Any CPU = Release|Any CPU
		Release|ARM = Release|ARM
		Release|x86 = Release|x86
	EndGlobalSection
	GlobalSection(ProjectConfigurationPlatforms) = postSolution
		{56998798-C602-4805-8900-D180ABC5AABE}.Debug|Any CPU.ActiveCfg = Debug|Any CPU
		{56998798-C602-4805-8900-D180ABC5AABE}.Debug|Any CPU.Build.0 = Debug|Any CPU
		{56998798-C602-4805-8900-D180ABC5AABE}.Debug|ARM.ActiveCfg = Debug|Any CPU
		{56998798-C602-4805-8900-D180ABC5AABE}.Debug|x86.ActiveCfg = Debug|Any CPU
		{56998798-C602-4805-8900-D180ABC5AABE}.Release|Any CPU.ActiveCfg = Release|Any CPU
		{56998798-C602-4805-8900-D180ABC5AABE}.Release|Any CPU.Build.0 = Release|Any CPU
		{56998798-C602-4805-8900-D180ABC5AABE}.Release|ARM.ActiveCfg = Release|Any CPU
		{56998798-C602-4805-8900-D180ABC5AABE}.Release|x86.ActiveCfg = Release|Any CPU
		{9EB50B69-AEF9-4030-8522-2A18E319C84B}.Debug|Any CPU.ActiveCfg = Debug|Any CPU
		{9EB50B69-AEF9-4030-8522-2A18E319C84B}.Debug|Any CPU.Build.0 = Debug|Any CPU
		{9EB50B69-AEF9-4030-8522-2A18E319C84B}.Debug|ARM.ActiveCfg = Debug|Any CPU
		{9EB50B69-AEF9-4030-8522-2A18E319C84B}.Debug|x86.ActiveCfg = Debug|Any CPU
		{9EB50B69-AEF9-4030-8522-2A18E319C84B}.Release|Any CPU.ActiveCfg = Release|Any CPU
		{9EB50B69-AEF9-4030-8522-2A18E319C84B}.Release|Any CPU.Build.0 = Release|Any CPU
		{9EB50B69-AEF9-4030-8522-2A18E319C84B}.Release|ARM.ActiveCfg = Release|Any CPU
		{9EB50B69-AEF9-4030-8522-2A18E319C84B}.Release|x86.ActiveCfg = Release|Any CPU
		{89B38CC5-A3BB-4C11-A21F-AEED6648736A}.Debug|Any CPU.ActiveCfg = Debug|Any CPU
		{89B38CC5-A3BB-4C11-A21F-AEED6648736A}.Debug|Any CPU.Build.0 = Debug|Any CPU
		{89B38CC5-A3BB-4C11-A21F-AEED6648736A}.Debug|ARM.ActiveCfg = Debug|Any CPU
		{89B38CC5-A3BB-4C11-A21F-AEED6648736A}.Debug|x86.ActiveCfg = Debug|Any CPU
		{89B38CC5-A3BB-4C11-A21F-AEED6648736A}.Release|Any CPU.ActiveCfg = Release|Any CPU
		{89B38CC5-A3BB-4C11-A21F-AEED6648736A}.Release|Any CPU.Build.0 = Release|Any CPU
		{89B38CC5-A3BB-4C11-A21F-AEED6648736A}.Release|ARM.ActiveCfg = Release|Any CPU
		{89B38CC5-A3BB-4C11-A21F-AEED6648736A}.Release|x86.ActiveCfg = Release|Any CPU
		{3DE0D56D-A0EE-4D60-8CE7-10F4A4922C64}.Debug|Any CPU.ActiveCfg = Debug|Any CPU
		{3DE0D56D-A0EE-4D60-8CE7-10F4A4922C64}.Debug|Any CPU.Build.0 = Debug|Any CPU
		{3DE0D56D-A0EE-4D60-8CE7-10F4A4922C64}.Debug|ARM.ActiveCfg = Debug|Any CPU
		{3DE0D56D-A0EE-4D60-8CE7-10F4A4922C64}.Debug|x86.ActiveCfg = Debug|Any CPU
		{3DE0D56D-A0EE-4D60-8CE7-10F4A4922C64}.Release|Any CPU.ActiveCfg = Release|Any CPU
		{3DE0D56D-A0EE-4D60-8CE7-10F4A4922C64}.Release|Any CPU.Build.0 = Release|Any CPU
		{3DE0D56D-A0EE-4D60-8CE7-10F4A4922C64}.Release|ARM.ActiveCfg = Release|Any CPU
		{3DE0D56D-A0EE-4D60-8CE7-10F4A4922C64}.Release|x86.ActiveCfg = Release|Any CPU
	EndGlobalSection
	GlobalSection(SolutionProperties) = preSolution
		HideSolutionNode = FALSE
	EndGlobalSection
EndGlobal
